// !$*UTF8*$!
{
	archiveVersion = 1;
	classes = {
	};
	objectVersion = 56;
	objects = {

/* Begin PBXBuildFile section */
		CE75E8F32B2826AE0031EECA /* AppDelegate.swift in Sources */ = {isa = PBXBuildFile; fileRef = CE75E8F22B2826AE0031EECA /* AppDelegate.swift */; };
		CE75E8F52B2826AE0031EECA /* SceneDelegate.swift in Sources */ = {isa = PBXBuildFile; fileRef = CE75E8F42B2826AE0031EECA /* SceneDelegate.swift */; };
		CE75E8FC2B2826B40031EECA /* Assets.xcassets in Resources */ = {isa = PBXBuildFile; fileRef = CE75E8FB2B2826B40031EECA /* Assets.xcassets */; };
		CE75E8FF2B2826B40031EECA /* LaunchScreen.storyboard in Resources */ = {isa = PBXBuildFile; fileRef = CE75E8FD2B2826B40031EECA /* LaunchScreen.storyboard */; };
		CE75E90F2B282A0B0031EECA /* Dashboard.swift in Sources */ = {isa = PBXBuildFile; fileRef = CE75E90E2B282A0B0031EECA /* Dashboard.swift */; };
		CE75E9112B282A180031EECA /* Dashboard.storyboard in Resources */ = {isa = PBXBuildFile; fileRef = CE75E9102B282A180031EECA /* Dashboard.storyboard */; };
		CE75E9142B2833720031EECA /* APICaller.swift in Sources */ = {isa = PBXBuildFile; fileRef = CE75E9132B2833720031EECA /* APICaller.swift */; };
		CE75E9162B28349D0031EECA /* NewModel.swift in Sources */ = {isa = PBXBuildFile; fileRef = CE75E9152B28349D0031EECA /* NewModel.swift */; };
		CE75E9182B2837C00031EECA /* Constants.swift in Sources */ = {isa = PBXBuildFile; fileRef = CE75E9172B2837C00031EECA /* Constants.swift */; };
		CE75E91A2B28383E0031EECA /* NewsViewModel.swift in Sources */ = {isa = PBXBuildFile; fileRef = CE75E9192B28383E0031EECA /* NewsViewModel.swift */; };
		CE75E91D2B2855A70031EECA /* NewCell.swift in Sources */ = {isa = PBXBuildFile; fileRef = CE75E91B2B2855A70031EECA /* NewCell.swift */; };
		CE75E91E2B2855A70031EECA /* NewCell.xib in Resources */ = {isa = PBXBuildFile; fileRef = CE75E91C2B2855A70031EECA /* NewCell.xib */; };
		CE75E9202B2858980031EECA /* Extension+DownloadImage.swift in Sources */ = {isa = PBXBuildFile; fileRef = CE75E91F2B2858980031EECA /* Extension+DownloadImage.swift */; };
		CE75E9232B2859270031EECA /* Kingfisher in Frameworks */ = {isa = PBXBuildFile; productRef = CE75E9222B2859270031EECA /* Kingfisher */; };
/* End PBXBuildFile section */

/* Begin PBXFileReference section */
		CE75E8EF2B2826AE0031EECA /* Good News.app */ = {isa = PBXFileReference; explicitFileType = wrapper.application; includeInIndex = 0; path = "Good News.app"; sourceTree = BUILT_PRODUCTS_DIR; };
		CE75E8F22B2826AE0031EECA /* AppDelegate.swift */ = {isa = PBXFileReference; lastKnownFileType = sourcecode.swift; path = AppDelegate.swift; sourceTree = "<group>"; };
		CE75E8F42B2826AE0031EECA /* SceneDelegate.swift */ = {isa = PBXFileReference; lastKnownFileType = sourcecode.swift; path = SceneDelegate.swift; sourceTree = "<group>"; };
		CE75E8FB2B2826B40031EECA /* Assets.xcassets */ = {isa = PBXFileReference; lastKnownFileType = folder.assetcatalog; path = Assets.xcassets; sourceTree = "<group>"; };
		CE75E8FE2B2826B40031EECA /* Base */ = {isa = PBXFileReference; lastKnownFileType = file.storyboard; name = Base; path = Base.lproj/LaunchScreen.storyboard; sourceTree = "<group>"; };
		CE75E9002B2826B40031EECA /* Info.plist */ = {isa = PBXFileReference; lastKnownFileType = text.plist.xml; path = Info.plist; sourceTree = "<group>"; };
		CE75E90E2B282A0B0031EECA /* Dashboard.swift */ = {isa = PBXFileReference; lastKnownFileType = sourcecode.swift; path = Dashboard.swift; sourceTree = "<group>"; };
		CE75E9102B282A180031EECA /* Dashboard.storyboard */ = {isa = PBXFileReference; lastKnownFileType = file.storyboard; path = Dashboard.storyboard; sourceTree = "<group>"; };
		CE75E9132B2833720031EECA /* APICaller.swift */ = {isa = PBXFileReference; lastKnownFileType = sourcecode.swift; path = APICaller.swift; sourceTree = "<group>"; };
		CE75E9152B28349D0031EECA /* NewModel.swift */ = {isa = PBXFileReference; lastKnownFileType = sourcecode.swift; path = NewModel.swift; sourceTree = "<group>"; };
		CE75E9172B2837C00031EECA /* Constants.swift */ = {isa = PBXFileReference; lastKnownFileType = sourcecode.swift; path = Constants.swift; sourceTree = "<group>"; };
		CE75E9192B28383E0031EECA /* NewsViewModel.swift */ = {isa = PBXFileReference; lastKnownFileType = sourcecode.swift; path = NewsViewModel.swift; sourceTree = "<group>"; };
		CE75E91B2B2855A70031EECA /* NewCell.swift */ = {isa = PBXFileReference; lastKnownFileType = sourcecode.swift; path = NewCell.swift; sourceTree = "<group>"; };
		CE75E91C2B2855A70031EECA /* NewCell.xib */ = {isa = PBXFileReference; lastKnownFileType = file.xib; path = NewCell.xib; sourceTree = "<group>"; };
		CE75E91F2B2858980031EECA /* Extension+DownloadImage.swift */ = {isa = PBXFileReference; lastKnownFileType = sourcecode.swift; path = "Extension+DownloadImage.swift"; sourceTree = "<group>"; };
/* End PBXFileReference section */

/* Begin PBXFrameworksBuildPhase section */
		CE75E8EC2B2826AE0031EECA /* Frameworks */ = {
			isa = PBXFrameworksBuildPhase;
			buildActionMask = 2147483647;
			files = (
				CE75E9232B2859270031EECA /* Kingfisher in Frameworks */,
			);
			runOnlyForDeploymentPostprocessing = 0;
		};
/* End PBXFrameworksBuildPhase section */

/* Begin PBXGroup section */
		CE75E8E62B2826AE0031EECA = {
			isa = PBXGroup;
			children = (
				CE75E8F12B2826AE0031EECA /* Good News */,
				CE75E8F02B2826AE0031EECA /* Products */,
			);
			sourceTree = "<group>";
		};
		CE75E8F02B2826AE0031EECA /* Products */ = {
			isa = PBXGroup;
			children = (
				CE75E8EF2B2826AE0031EECA /* Good News.app */,
			);
			name = Products;
			sourceTree = "<group>";
		};
		CE75E8F12B2826AE0031EECA /* Good News */ = {
			isa = PBXGroup;
			children = (
				CE75E9122B2833540031EECA /* Helper */,
				CE75E9072B2828530031EECA /* Screens */,
				CE75E9062B2828340031EECA /* Resources */,
				CE75E8FB2B2826B40031EECA /* Assets.xcassets */,
				CE75E8FD2B2826B40031EECA /* LaunchScreen.storyboard */,
				CE75E9002B2826B40031EECA /* Info.plist */,
			);
			path = "Good News";
			sourceTree = "<group>";
		};
		CE75E9062B2828340031EECA /* Resources */ = {
			isa = PBXGroup;
			children = (
				CE75E8F22B2826AE0031EECA /* AppDelegate.swift */,
				CE75E8F42B2826AE0031EECA /* SceneDelegate.swift */,
			);
			path = Resources;
			sourceTree = "<group>";
		};
		CE75E9072B2828530031EECA /* Screens */ = {
			isa = PBXGroup;
			children = (
				CE75E9082B28292E0031EECA /* DashBoard */,
			);
			path = Screens;
			sourceTree = "<group>";
		};
		CE75E9082B28292E0031EECA /* DashBoard */ = {
			isa = PBXGroup;
			children = (
				CE75E90D2B2829E70031EECA /* Model */,
				CE75E90C2B2829DD0031EECA /* viewModel */,
				CE75E90B2B2829D70031EECA /* view */,
			);
			path = DashBoard;
			sourceTree = "<group>";
		};
		CE75E90B2B2829D70031EECA /* view */ = {
			isa = PBXGroup;
			children = (
				CE75E90E2B282A0B0031EECA /* Dashboard.swift */,
				CE75E9102B282A180031EECA /* Dashboard.storyboard */,
				CE75E91B2B2855A70031EECA /* NewCell.swift */,
				CE75E91C2B2855A70031EECA /* NewCell.xib */,
			);
			path = view;
			sourceTree = "<group>";
		};
		CE75E90C2B2829DD0031EECA /* viewModel */ = {
			isa = PBXGroup;
			children = (
				CE75E9192B28383E0031EECA /* NewsViewModel.swift */,
			);
			path = viewModel;
			sourceTree = "<group>";
		};
		CE75E90D2B2829E70031EECA /* Model */ = {
			isa = PBXGroup;
			children = (
				CE75E9152B28349D0031EECA /* NewModel.swift */,
			);
			path = Model;
			sourceTree = "<group>";
		};
		CE75E9122B2833540031EECA /* Helper */ = {
			isa = PBXGroup;
			children = (
				CE75E9132B2833720031EECA /* APICaller.swift */,
				CE75E9172B2837C00031EECA /* Constants.swift */,
				CE75E91F2B2858980031EECA /* Extension+DownloadImage.swift */,
			);
			path = Helper;
			sourceTree = "<group>";
		};
/* End PBXGroup section */

/* Begin PBXNativeTarget section */
		CE75E8EE2B2826AE0031EECA /* Good News */ = {
			isa = PBXNativeTarget;
			buildConfigurationList = CE75E9032B2826B40031EECA /* Build configuration list for PBXNativeTarget "Good News" */;
			buildPhases = (
				CE75E8EB2B2826AE0031EECA /* Sources */,
				CE75E8EC2B2826AE0031EECA /* Frameworks */,
				CE75E8ED2B2826AE0031EECA /* Resources */,
			);
			buildRules = (
			);
			dependencies = (
			);
			name = "Good News";
			packageProductDependencies = (
				CE75E9222B2859270031EECA /* Kingfisher */,
			);
			productName = "Good News";
			productReference = CE75E8EF2B2826AE0031EECA /* Good News.app */;
			productType = "com.apple.product-type.application";
		};
/* End PBXNativeTarget section */

/* Begin PBXProject section */
		CE75E8E72B2826AE0031EECA /* Project object */ = {
			isa = PBXProject;
			attributes = {
				BuildIndependentTargetsInParallel = 1;
				LastSwiftUpdateCheck = 1420;
				LastUpgradeCheck = 1420;
				TargetAttributes = {
					CE75E8EE2B2826AE0031EECA = {
						CreatedOnToolsVersion = 14.2;
					};
				};
			};
			buildConfigurationList = CE75E8EA2B2826AE0031EECA /* Build configuration list for PBXProject "Good News" */;
			compatibilityVersion = "Xcode 14.0";
			developmentRegion = en;
			hasScannedForEncodings = 0;
			knownRegions = (
				en,
				Base,
			);
			mainGroup = CE75E8E62B2826AE0031EECA;
			packageReferences = (
				CE75E9212B2859270031EECA /* XCRemoteSwiftPackageReference "Kingfisher" */,
			);
			productRefGroup = CE75E8F02B2826AE0031EECA /* Products */;
			projectDirPath = "";
			projectRoot = "";
			targets = (
				CE75E8EE2B2826AE0031EECA /* Good News */,
			);
		};
/* End PBXProject section */

/* Begin PBXResourcesBuildPhase section */
		CE75E8ED2B2826AE0031EECA /* Resources */ = {
			isa = PBXResourcesBuildPhase;
			buildActionMask = 2147483647;
			files = (
				CE75E8FF2B2826B40031EECA /* LaunchScreen.storyboard in Resources */,
				CE75E9112B282A180031EECA /* Dashboard.storyboard in Resources */,
				CE75E91E2B2855A70031EECA /* NewCell.xib in Resources */,
				CE75E8FC2B2826B40031EECA /* Assets.xcassets in Resources */,
			);
			runOnlyForDeploymentPostprocessing = 0;
		};
/* End PBXResourcesBuildPhase section */

/* Begin PBXSourcesBuildPhase section */
		CE75E8EB2B2826AE0031EECA /* Sources */ = {
			isa = PBXSourcesBuildPhase;
			buildActionMask = 2147483647;
			files = (
				CE75E8F32B2826AE0031EECA /* AppDelegate.swift in Sources */,
				CE75E90F2B282A0B0031EECA /* Dashboard.swift in Sources */,
				CE75E91D2B2855A70031EECA /* NewCell.swift in Sources */,
				CE75E8F52B2826AE0031EECA /* SceneDelegate.swift in Sources */,
				CE75E9142B2833720031EECA /* APICaller.swift in Sources */,
				CE75E9202B2858980031EECA /* Extension+DownloadImage.swift in Sources */,
				CE75E91A2B28383E0031EECA /* NewsViewModel.swift in Sources */,
				CE75E9162B28349D0031EECA /* NewModel.swift in Sources */,
				CE75E9182B2837C00031EECA /* Constants.swift in Sources */,
			);
			runOnlyForDeploymentPostprocessing = 0;
		};
/* End PBXSourcesBuildPhase section */

/* Begin PBXVariantGroup section */
		CE75E8FD2B2826B40031EECA /* LaunchScreen.storyboard */ = {
			isa = PBXVariantGroup;
			children = (
				CE75E8FE2B2826B40031EECA /* Base */,
			);
			name = LaunchScreen.storyboard;
			sourceTree = "<group>";
		};
/* End PBXVariantGroup section */

/* Begin XCBuildConfiguration section */
		CE75E9012B2826B40031EECA /* Debug */ = {
			isa = XCBuildConfiguration;
			buildSettings = {
				ALWAYS_SEARCH_USER_PATHS = NO;
				CLANG_ANALYZER_NONNULL = YES;
				CLANG_ANALYZER_NUMBER_OBJECT_CONVERSION = YES_AGGRESSIVE;
				CLANG_CXX_LANGUAGE_STANDARD = "gnu++20";
				CLANG_ENABLE_MODULES = YES;
				CLANG_ENABLE_OBJC_ARC = YES;
				CLANG_ENABLE_OBJC_WEAK = YES;
				CLANG_WARN_BLOCK_CAPTURE_AUTORELEASING = YES;
				CLANG_WARN_BOOL_CONVERSION = YES;
				CLANG_WARN_COMMA = YES;
				CLANG_WARN_CONSTANT_CONVERSION = YES;
				CLANG_WARN_DEPRECATED_OBJC_IMPLEMENTATIONS = YES;
				CLANG_WARN_DIRECT_OBJC_ISA_USAGE = YES_ERROR;
				CLANG_WARN_DOCUMENTATION_COMMENTS = YES;
				CLANG_WARN_EMPTY_BODY = YES;
				CLANG_WARN_ENUM_CONVERSION = YES;
				CLANG_WARN_INFINITE_RECURSION = YES;
				CLANG_WARN_INT_CONVERSION = YES;
				CLANG_WARN_NON_LITERAL_NULL_CONVERSION = YES;
				CLANG_WARN_OBJC_IMPLICIT_RETAIN_SELF = YES;
				CLANG_WARN_OBJC_LITERAL_CONVERSION = YES;
				CLANG_WARN_OBJC_ROOT_CLASS = YES_ERROR;
				CLANG_WARN_QUOTED_INCLUDE_IN_FRAMEWORK_HEADER = YES;
				CLANG_WARN_RANGE_LOOP_ANALYSIS = YES;
				CLANG_WARN_STRICT_PROTOTYPES = YES;
				CLANG_WARN_SUSPICIOUS_MOVE = YES;
				CLANG_WARN_UNGUARDED_AVAILABILITY = YES_AGGRESSIVE;
				CLANG_WARN_UNREACHABLE_CODE = YES;
				CLANG_WARN__DUPLICATE_METHOD_MATCH = YES;
				COPY_PHASE_STRIP = NO;
				DEBUG_INFORMATION_FORMAT = dwarf;
				ENABLE_STRICT_OBJC_MSGSEND = YES;
				ENABLE_TESTABILITY = YES;
				GCC_C_LANGUAGE_STANDARD = gnu11;
				GCC_DYNAMIC_NO_PIC = NO;
				GCC_NO_COMMON_BLOCKS = YES;
				GCC_OPTIMIZATION_LEVEL = 0;
				GCC_PREPROCESSOR_DEFINITIONS = (
					"DEBUG=1",
					"$(inherited)",
				);
				GCC_WARN_64_TO_32_BIT_CONVERSION = YES;
				GCC_WARN_ABOUT_RETURN_TYPE = YES_ERROR;
				GCC_WARN_UNDECLARED_SELECTOR = YES;
				GCC_WARN_UNINITIALIZED_AUTOS = YES_AGGRESSIVE;
				GCC_WARN_UNUSED_FUNCTION = YES;
				GCC_WARN_UNUSED_VARIABLE = YES;
				IPHONEOS_DEPLOYMENT_TARGET = 16.2;
				MTL_ENABLE_DEBUG_INFO = INCLUDE_SOURCE;
				MTL_FAST_MATH = YES;
				ONLY_ACTIVE_ARCH = YES;
				SDKROOT = iphoneos;
				SWIFT_ACTIVE_COMPILATION_CONDITIONS = DEBUG;
				SWIFT_OPTIMIZATION_LEVEL = "-Onone";
			};
			name = Debug;
		};
		CE75E9022B2826B40031EECA /* Release */ = {
			isa = XCBuildConfiguration;
			buildSettings = {
				ALWAYS_SEARCH_USER_PATHS = NO;
				CLANG_ANALYZER_NONNULL = YES;
				CLANG_ANALYZER_NUMBER_OBJECT_CONVERSION = YES_AGGRESSIVE;
				CLANG_CXX_LANGUAGE_STANDARD = "gnu++20";
				CLANG_ENABLE_MODULES = YES;
				CLANG_ENABLE_OBJC_ARC = YES;
				CLANG_ENABLE_OBJC_WEAK = YES;
				CLANG_WARN_BLOCK_CAPTURE_AUTORELEASING = YES;
				CLANG_WARN_BOOL_CONVERSION = YES;
				CLANG_WARN_COMMA = YES;
				CLANG_WARN_CONSTANT_CONVERSION = YES;
				CLANG_WARN_DEPRECATED_OBJC_IMPLEMENTATIONS = YES;
				CLANG_WARN_DIRECT_OBJC_ISA_USAGE = YES_ERROR;
				CLANG_WARN_DOCUMENTATION_COMMENTS = YES;
				CLANG_WARN_EMPTY_BODY = YES;
				CLANG_WARN_ENUM_CONVERSION = YES;
				CLANG_WARN_INFINITE_RECURSION = YES;
				CLANG_WARN_INT_CONVERSION = YES;
				CLANG_WARN_NON_LITERAL_NULL_CONVERSION = YES;
				CLANG_WARN_OBJC_IMPLICIT_RETAIN_SELF = YES;
				CLANG_WARN_OBJC_LITERAL_CONVERSION = YES;
				CLANG_WARN_OBJC_ROOT_CLASS = YES_ERROR;
				CLANG_WARN_QUOTED_INCLUDE_IN_FRAMEWORK_HEADER = YES;
				CLANG_WARN_RANGE_LOOP_ANALYSIS = YES;
				CLANG_WARN_STRICT_PROTOTYPES = YES;
				CLANG_WARN_SUSPICIOUS_MOVE = YES;
				CLANG_WARN_UNGUARDED_AVAILABILITY = YES_AGGRESSIVE;
				CLANG_WARN_UNREACHABLE_CODE = YES;
				CLANG_WARN__DUPLICATE_METHOD_MATCH = YES;
				COPY_PHASE_STRIP = NO;
				DEBUG_INFORMATION_FORMAT = "dwarf-with-dsym";
				ENABLE_NS_ASSERTIONS = NO;
				ENABLE_STRICT_OBJC_MSGSEND = YES;
				GCC_C_LANGUAGE_STANDARD = gnu11;
				GCC_NO_COMMON_BLOCKS = YES;
				GCC_WARN_64_TO_32_BIT_CONVERSION = YES;
				GCC_WARN_ABOUT_RETURN_TYPE = YES_ERROR;
				GCC_WARN_UNDECLARED_SELECTOR = YES;
				GCC_WARN_UNINITIALIZED_AUTOS = YES_AGGRESSIVE;
				GCC_WARN_UNUSED_FUNCTION = YES;
				GCC_WARN_UNUSED_VARIABLE = YES;
				IPHONEOS_DEPLOYMENT_TARGET = 16.2;
				MTL_ENABLE_DEBUG_INFO = NO;
				MTL_FAST_MATH = YES;
				SDKROOT = iphoneos;
				SWIFT_COMPILATION_MODE = wholemodule;
				SWIFT_OPTIMIZATION_LEVEL = "-O";
				VALIDATE_PRODUCT = YES;
			};
			name = Release;
		};
		CE75E9042B2826B40031EECA /* Debug */ = {
			isa = XCBuildConfiguration;
			buildSettings = {
				ASSETCATALOG_COMPILER_APPICON_NAME = AppIcon;
				ASSETCATALOG_COMPILER_GLOBAL_ACCENT_COLOR_NAME = AccentColor;
				CODE_SIGN_STYLE = Automatic;
				CURRENT_PROJECT_VERSION = 1;
				GENERATE_INFOPLIST_FILE = YES;
				INFOPLIST_FILE = "Good News/Info.plist";
				INFOPLIST_KEY_UIApplicationSupportsIndirectInputEvents = YES;
				INFOPLIST_KEY_UILaunchStoryboardName = LaunchScreen;
				INFOPLIST_KEY_UISupportedInterfaceOrientations_iPad = "UIInterfaceOrientationPortrait UIInterfaceOrientationPortraitUpsideDown UIInterfaceOrientationLandscapeLeft UIInterfaceOrientationLandscapeRight";
				INFOPLIST_KEY_UISupportedInterfaceOrientations_iPhone = "UIInterfaceOrientationPortrait UIInterfaceOrientationLandscapeLeft UIInterfaceOrientationLandscapeRight";
				LD_RUNPATH_SEARCH_PATHS = (
					"$(inherited)",
					"@executable_path/Frameworks",
				);
				MARKETING_VERSION = 1.0;
				PRODUCT_BUNDLE_IDENTIFIER = "com.anugrah.Good-News";
				PRODUCT_NAME = "$(TARGET_NAME)";
				SWIFT_EMIT_LOC_STRINGS = YES;
				SWIFT_VERSION = 5.0;
				TARGETED_DEVICE_FAMILY = "1,2";
			};
			name = Debug;
		};
		CE75E9052B2826B40031EECA /* Release */ = {
			isa = XCBuildConfiguration;
			buildSettings = {
				ASSETCATALOG_COMPILER_APPICON_NAME = AppIcon;
				ASSETCATALOG_COMPILER_GLOBAL_ACCENT_COLOR_NAME = AccentColor;
				CODE_SIGN_STYLE = Automatic;
				CURRENT_PROJECT_VERSION = 1;
				GENERATE_INFOPLIST_FILE = YES;
				INFOPLIST_FILE = "Good News/Info.plist";
				INFOPLIST_KEY_UIApplicationSupportsIndirectInputEvents = YES;
				INFOPLIST_KEY_UILaunchStoryboardName = LaunchScreen;
				INFOPLIST_KEY_UISupportedInterfaceOrientations_iPad = "UIInterfaceOrientationPortrait UIInterfaceOrientationPortraitUpsideDown UIInterfaceOrientationLandscapeLeft UIInterfaceOrientationLandscapeRight";
				INFOPLIST_KEY_UISupportedInterfaceOrientations_iPhone = "UIInterfaceOrientationPortrait UIInterfaceOrientationLandscapeLeft UIInterfaceOrientationLandscapeRight";
				LD_RUNPATH_SEARCH_PATHS = (
					"$(inherited)",
					"@executable_path/Frameworks",
				);
				MARKETING_VERSION = 1.0;
				PRODUCT_BUNDLE_IDENTIFIER = "com.anugrah.Good-News";
				PRODUCT_NAME = "$(TARGET_NAME)";
				SWIFT_EMIT_LOC_STRINGS = YES;
				SWIFT_VERSION = 5.0;
				TARGETED_DEVICE_FAMILY = "1,2";
			};
			name = Release;
		};
/* End XCBuildConfiguration section */

/* Begin XCConfigurationList section */
		CE75E8EA2B2826AE0031EECA /* Build configuration list for PBXProject "Good News" */ = {
			isa = XCConfigurationList;
			buildConfigurations = (
				CE75E9012B2826B40031EECA /* Debug */,
				CE75E9022B2826B40031EECA /* Release */,
			);
			defaultConfigurationIsVisible = 0;
			defaultConfigurationName = Release;
		};
		CE75E9032B2826B40031EECA /* Build configuration list for PBXNativeTarget "Good News" */ = {
			isa = XCConfigurationList;
			buildConfigurations = (
				CE75E9042B2826B40031EECA /* Debug */,
				CE75E9052B2826B40031EECA /* Release */,
			);
			defaultConfigurationIsVisible = 0;
			defaultConfigurationName = Release;
		};
/* End XCConfigurationList section */

/* Begin XCRemoteSwiftPackageReference section */
		CE75E9212B2859270031EECA /* XCRemoteSwiftPackageReference "Kingfisher" */ = {
			isa = XCRemoteSwiftPackageReference;
			repositoryURL = "https://github.com/onevcat/Kingfisher.git";
			requirement = {
				kind = upToNextMajorVersion;
				minimumVersion = 7.0.0;
			};
		};
/* End XCRemoteSwiftPackageReference section */

/* Begin XCSwiftPackageProductDependency section */
		CE75E9222B2859270031EECA /* Kingfisher */ = {
			isa = XCSwiftPackageProductDependency;
			package = CE75E9212B2859270031EECA /* XCRemoteSwiftPackageReference "Kingfisher" */;
			productName = Kingfisher;
		};
/* End XCSwiftPackageProductDependency section */
	};
	rootObject = CE75E8E72B2826AE0031EECA /* Project object */;
}
